
Microsoft Visual Studio Solution File, Format Version 12.00
# Visual Studio 15
VisualStudioVersion = 15.0.28307.329
MinimumVisualStudioVersion = 10.0.40219.1
Project("{FAE04EC0-301F-11D3-BF4B-00C04F79EFBC}") = "QA_task3", "ConsoleApp1\QA_task3.csproj", "{51502B15-E7FB-4130-95C3-FF651363094D}"
EndProject
Global
	GlobalSection(SolutionConfigurationPlatforms) = preSolution
		Debug|Any CPU = Debug|Any CPU
		Release|Any CPU = Release|Any CPU
	EndGlobalSection
	GlobalSection(ProjectConfigurationPlatforms) = postSolution
		{51502B15-E7FB-4130-95C3-FF651363094D}.Debug|Any CPU.ActiveCfg = Debug|Any CPU
		{51502B15-E7FB-4130-95C3-FF651363094D}.Debug|Any CPU.Build.0 = Debug|Any CPU
		{51502B15-E7FB-4130-95C3-FF651363094D}.Release|Any CPU.ActiveCfg = Release|Any CPU
		{51502B15-E7FB-4130-95C3-FF651363094D}.Release|Any CPU.Build.0 = Release|Any CPU
	EndGlobalSection
	GlobalSection(SolutionProperties) = preSolution
		HideSolutionNode = FALSE
	EndGlobalSection
	GlobalSection(ExtensibilityGlobals) = postSolution
		SolutionGuid = {41D7C339-118D-4694-B289-D9D4C6A0ADA0}
	EndGlobalSection
EndGlobal
